
Microsoft Visual Studio Solution File, Format Version 12.00
# Visual Studio Version 17
VisualStudioVersion = 17.12.35521.163 d17.12
MinimumVisualStudioVersion = 10.0.40219.1
Project("{FAE04EC0-301F-11D3-BF4B-00C04F79EFBC}") = "Talabat.APIS", "Talabat.APIS\Talabat.APIS.csproj", "{9B70FE34-2DF3-4D99-BF65-CC5EA9871283}"
EndProject
Project("{FAE04EC0-301F-11D3-BF4B-00C04F79EFBC}") = "Talabat.Core", "Talabat.Core\Talabat.Core.csproj", "{E3D23C1E-0919-4EC6-B3AF-8F1BFF96825B}"
EndProject
Project("{FAE04EC0-301F-11D3-BF4B-00C04F79EFBC}") = "Talabat.Repository", "Talabat.Repository\Talabat.Repository.csproj", "{88D41CD4-D4D6-472A-976A-D88DC551A1A1}"
EndProject
Project("{FAE04EC0-301F-11D3-BF4B-00C04F79EFBC}") = "Talabat.Services", "Talabat.Services\Talabat.Services.csproj", "{4E4B5DB7-C3DC-4FB8-996F-A35DCC0BDFD1}"
EndProject
Global
	GlobalSection(SolutionConfigurationPlatforms) = preSolution
		Debug|Any CPU = Debug|Any CPU
		Release|Any CPU = Release|Any CPU
	EndGlobalSection
	GlobalSection(ProjectConfigurationPlatforms) = postSolution
		{9B70FE34-2DF3-4D99-BF65-CC5EA9871283}.Debug|Any CPU.ActiveCfg = Debug|Any CPU
		{9B70FE34-2DF3-4D99-BF65-CC5EA9871283}.Debug|Any CPU.Build.0 = Debug|Any CPU
		{9B70FE34-2DF3-4D99-BF65-CC5EA9871283}.Release|Any CPU.ActiveCfg = Release|Any CPU
		{9B70FE34-2DF3-4D99-BF65-CC5EA9871283}.Release|Any CPU.Build.0 = Release|Any CPU
		{E3D23C1E-0919-4EC6-B3AF-8F1BFF96825B}.Debug|Any CPU.ActiveCfg = Debug|Any CPU
		{E3D23C1E-0919-4EC6-B3AF-8F1BFF96825B}.Debug|Any CPU.Build.0 = Debug|Any CPU
		{E3D23C1E-0919-4EC6-B3AF-8F1BFF96825B}.Release|Any CPU.ActiveCfg = Release|Any CPU
		{E3D23C1E-0919-4EC6-B3AF-8F1BFF96825B}.Release|Any CPU.Build.0 = Release|Any CPU
		{88D41CD4-D4D6-472A-976A-D88DC551A1A1}.Debug|Any CPU.ActiveCfg = Debug|Any CPU
		{88D41CD4-D4D6-472A-976A-D88DC551A1A1}.Debug|Any CPU.Build.0 = Debug|Any CPU
		{88D41CD4-D4D6-472A-976A-D88DC551A1A1}.Release|Any CPU.ActiveCfg = Release|Any CPU
		{88D41CD4-D4D6-472A-976A-D88DC551A1A1}.Release|Any CPU.Build.0 = Release|Any CPU
		{4E4B5DB7-C3DC-4FB8-996F-A35DCC0BDFD1}.Debug|Any CPU.ActiveCfg = Debug|Any CPU
		{4E4B5DB7-C3DC-4FB8-996F-A35DCC0BDFD1}.Debug|Any CPU.Build.0 = Debug|Any CPU
		{4E4B5DB7-C3DC-4FB8-996F-A35DCC0BDFD1}.Release|Any CPU.ActiveCfg = Release|Any CPU
		{4E4B5DB7-C3DC-4FB8-996F-A35DCC0BDFD1}.Release|Any CPU.Build.0 = Release|Any CPU
	EndGlobalSection
	GlobalSection(SolutionProperties) = preSolution
		HideSolutionNode = FALSE
	EndGlobalSection
EndGlobal
